{
    "_readme": [
        "This file locks the dependencies of your project to a known state",
        "Read more about it at https://getcomposer.org/doc/01-basic-usage.md#composer-lock-the-lock-file",
        "This file is @generated automatically"
    ],
    "hash": "1f0109b21f8bba0ca8a1b86366dce918",
    "content-hash": "b9a971a9c443d5977063e340eff6cc83",
    "packages": [
        {
            "name": "ghunti/highcharts-php",
            "version": "v3.0.3",
            "source": {
                "type": "git",
                "url": "https://github.com/ghunti/HighchartsPHP.git",
                "reference": "548b321478510ec1559432a9baabbfba1a1e559a"
            },
            "dist": {
                "type": "zip",
                "url": "https://api.github.com/repos/ghunti/HighchartsPHP/zipball/548b321478510ec1559432a9baabbfba1a1e559a",
                "reference": "548b321478510ec1559432a9baabbfba1a1e559a",
                "shasum": ""
            },
            "require": {
                "php": ">=5.3.0"
            },
            "type": "library",
            "autoload": {
                "psr-4": {
                    "Ghunti\\HighchartsPHP\\": "src/"
                }
            },
            "notification-url": "https://packagist.org/downloads/",
            "license": [
                "GPL-3.0"
            ],
            "authors": [
                {
                    "name": "Gonçalo Queirós",
                    "email": "mail@goncaloqueiros.net",
                    "homepage": "http://goncaloqueiros.net",
                    "role": "Developer"
                }
            ],
            "description": "A php wrapper for highcharts and highstock javascript libraries",
            "homepage": "http://goncaloqueiros.net/highcharts.php",
            "keywords": [
                "charts",
                "highcharts",
                "highstock",
                "javascript",
                "php"
            ],
            "time": "2016-01-24 11:57:43"
        },
        {
            "name": "twig/twig",
            "version": "v1.24.1",
            "source": {
                "type": "git",
                "url": "https://github.com/twigphp/Twig.git",
                "reference": "3566d311a92aae4deec6e48682dc5a4528c4a512"
            },
            "dist": {
                "type": "zip",
                "url": "https://api.github.com/repos/twigphp/Twig/zipball/3566d311a92aae4deec6e48682dc5a4528c4a512",
                "reference": "3566d311a92aae4deec6e48682dc5a4528c4a512",
                "shasum": ""
            },
            "require": {
                "php": ">=5.2.7"
            },
            "require-dev": {
                "symfony/debug": "~2.7",
                "symfony/phpunit-bridge": "~2.7"
            },
            "type": "library",
            "extra": {
                "branch-alias": {
                    "dev-master": "1.24-dev"
                }
            },
            "autoload": {
                "psr-0": {
                    "Twig_": "lib/"
                }
            },
            "notification-url": "https://packagist.org/downloads/",
            "license": [
                "BSD-3-Clause"
            ],
            "authors": [
                {
                    "name": "Fabien Potencier",
                    "email": "fabien@symfony.com",
                    "homepage": "http://fabien.potencier.org",
                    "role": "Lead Developer"
                },
                {
                    "name": "Armin Ronacher",
                    "email": "armin.ronacher@active-4.com",
                    "role": "Project Founder"
                },
                {
                    "name": "Twig Team",
                    "homepage": "http://twig.sensiolabs.org/contributors",
                    "role": "Contributors"
                }
            ],
            "description": "Twig, the flexible, fast, and secure template language for PHP",
            "homepage": "http://twig.sensiolabs.org",
            "keywords": [
                "templating"
            ],
            "time": "2016-05-30 09:11:59"
        }
    ],
    "packages-dev": [],
    "aliases": [],
    "minimum-stability": "stable",
    "stability-flags": [],
    "prefer-stable": false,
    "prefer-lowest": false,
    "platform": [],
    "platform-dev": []
}
